// !$*UTF8*$!
{
	archiveVersion = 1;
	classes = {
	};
	objectVersion = 56;
	objects = {

/* Begin PBXBuildFile section */
		A00100000000000000000001 /* AutoFansApp.swift in Sources */ = {isa = PBXBuildFile; fileRef = A00200000000000000000001 /* AutoFansApp.swift */; };
		A00100000000000000000002 /* APIConfiguration.swift in Sources */ = {isa = PBXBuildFile; fileRef = A00200000000000000000002 /* APIConfiguration.swift */; };
		A00100000000000000000003 /* JSONValue.swift in Sources */ = {isa = PBXBuildFile; fileRef = A00200000000000000000003 /* JSONValue.swift */; };
		A00100000000000000000004 /* KeychainStore.swift in Sources */ = {isa = PBXBuildFile; fileRef = A00200000000000000000004 /* KeychainStore.swift */; };
		A00100000000000000000005 /* SupabaseRepository.swift in Sources */ = {isa = PBXBuildFile; fileRef = A00200000000000000000005 /* SupabaseRepository.swift */; };
		A00100000000000000000006 /* AuthStore.swift in Sources */ = {isa = PBXBuildFile; fileRef = A00200000000000000000006 /* AuthStore.swift */; };
		A00100000000000000000007 /* MobileAPI.swift in Sources */ = {isa = PBXBuildFile; fileRef = A00200000000000000000007 /* MobileAPI.swift */; };
		A00100000000000000000008 /* Listing.swift in Sources */ = {isa = PBXBuildFile; fileRef = A00200000000000000000008 /* Listing.swift */; };
		A00100000000000000000009 /* CatalogView.swift in Sources */ = {isa = PBXBuildFile; fileRef = A00200000000000000000009 /* CatalogView.swift */; };
		A00100000000000000000010 /* ListingDetailView.swift in Sources */ = {isa = PBXBuildFile; fileRef = A00200000000000000000010 /* ListingDetailView.swift */; };
		A00100000000000000000011 /* AuthenticationView.swift in Sources */ = {isa = PBXBuildFile; fileRef = A00200000000000000000011 /* AuthenticationView.swift */; };
		A00100000000000000000012 /* AccountViews.swift in Sources */ = {isa = PBXBuildFile; fileRef = A00200000000000000000012 /* AccountViews.swift */; };
		A00100000000000000000013 /* SellerViews.swift in Sources */ = {isa = PBXBuildFile; fileRef = A00200000000000000000013 /* SellerViews.swift */; };
		A00100000000000000000014 /* DesignSystem.swift in Sources */ = {isa = PBXBuildFile; fileRef = A00200000000000000000020 /* DesignSystem.swift */; };
		A00100000000000000000015 /* HomeView.swift in Sources */ = {isa = PBXBuildFile; fileRef = A00200000000000000000021 /* HomeView.swift */; };
		A00100000000000000000016 /* OnboardingView.swift in Sources */ = {isa = PBXBuildFile; fileRef = A00200000000000000000022 /* OnboardingView.swift */; };
		B00100000000000000000001 /* logo-header.png in Resources */ = {isa = PBXBuildFile; fileRef = B00200000000000000000001 /* logo-header.png */; };
		B00100000000000000000002 /* hero_background.jpg in Resources */ = {isa = PBXBuildFile; fileRef = B00200000000000000000002 /* hero_background.jpg */; };
		B00100000000000000000003 /* hero_car.png in Resources */ = {isa = PBXBuildFile; fileRef = B00200000000000000000003 /* hero_car.png */; };
		B00100000000000000000004 /* card_buying.jpg in Resources */ = {isa = PBXBuildFile; fileRef = B00200000000000000000004 /* card_buying.jpg */; };
		B00100000000000000000005 /* card_selling.jpg in Resources */ = {isa = PBXBuildFile; fileRef = B00200000000000000000005 /* card_selling.jpg */; };
		B00100000000000000000006 /* autofans-icon-1024.png in Resources */ = {isa = PBXBuildFile; fileRef = B00200000000000000000006 /* autofans-icon-1024.png */; };
		B00100000000000000000007 /* autofans_logo.png in Resources */ = {isa = PBXBuildFile; fileRef = B00200000000000000000007 /* autofans_logo.png */; };
		B00100000000000000000008 /* autofans_mark.png in Resources */ = {isa = PBXBuildFile; fileRef = B00200000000000000000008 /* autofans_mark.png */; };
		B00100000000000000000009 /* onboarding_buy.png in Resources */ = {isa = PBXBuildFile; fileRef = B00200000000000000000009 /* onboarding_buy.png */; };
		B00100000000000000000010 /* onboarding_compare.png in Resources */ = {isa = PBXBuildFile; fileRef = B00200000000000000000010 /* onboarding_compare.png */; };
		B00100000000000000000011 /* onboarding_sell.png in Resources */ = {isa = PBXBuildFile; fileRef = B00200000000000000000011 /* onboarding_sell.png */; };
/* End PBXBuildFile section */

/* Begin PBXFileReference section */
		A00200000000000000000001 /* AutoFansApp.swift */ = {isa = PBXFileReference; lastKnownFileType = sourcecode.swift; path = AutoFansApp.swift; sourceTree = "<group>"; };
		A00200000000000000000002 /* APIConfiguration.swift */ = {isa = PBXFileReference; lastKnownFileType = sourcecode.swift; path = APIConfiguration.swift; sourceTree = "<group>"; };
		A00200000000000000000003 /* JSONValue.swift */ = {isa = PBXFileReference; lastKnownFileType = sourcecode.swift; path = JSONValue.swift; sourceTree = "<group>"; };
		A00200000000000000000004 /* KeychainStore.swift */ = {isa = PBXFileReference; lastKnownFileType = sourcecode.swift; path = KeychainStore.swift; sourceTree = "<group>"; };
		A00200000000000000000005 /* SupabaseRepository.swift */ = {isa = PBXFileReference; lastKnownFileType = sourcecode.swift; path = SupabaseRepository.swift; sourceTree = "<group>"; };
		A00200000000000000000006 /* AuthStore.swift */ = {isa = PBXFileReference; lastKnownFileType = sourcecode.swift; path = AuthStore.swift; sourceTree = "<group>"; };
		A00200000000000000000007 /* MobileAPI.swift */ = {isa = PBXFileReference; lastKnownFileType = sourcecode.swift; path = MobileAPI.swift; sourceTree = "<group>"; };
		A00200000000000000000008 /* Listing.swift */ = {isa = PBXFileReference; lastKnownFileType = sourcecode.swift; path = Listing.swift; sourceTree = "<group>"; };
		A00200000000000000000009 /* CatalogView.swift */ = {isa = PBXFileReference; lastKnownFileType = sourcecode.swift; path = CatalogView.swift; sourceTree = "<group>"; };
		A00200000000000000000010 /* ListingDetailView.swift */ = {isa = PBXFileReference; lastKnownFileType = sourcecode.swift; path = ListingDetailView.swift; sourceTree = "<group>"; };
		A00200000000000000000011 /* AuthenticationView.swift */ = {isa = PBXFileReference; lastKnownFileType = sourcecode.swift; path = AuthenticationView.swift; sourceTree = "<group>"; };
		A00200000000000000000012 /* AccountViews.swift */ = {isa = PBXFileReference; lastKnownFileType = sourcecode.swift; path = AccountViews.swift; sourceTree = "<group>"; };
		A00200000000000000000013 /* SellerViews.swift */ = {isa = PBXFileReference; lastKnownFileType = sourcecode.swift; path = SellerViews.swift; sourceTree = "<group>"; };
		A00200000000000000000015 /* Info.plist */ = {isa = PBXFileReference; lastKnownFileType = text.plist.xml; path = Info.plist; sourceTree = "<group>"; };
		A00200000000000000000016 /* AutoFans.entitlements */ = {isa = PBXFileReference; lastKnownFileType = text.plist.entitlements; path = AutoFans.entitlements; sourceTree = "<group>"; };
		A00200000000000000000017 /* AutoFans.app */ = {isa = PBXFileReference; explicitFileType = wrapper.application; path = AutoFans.app; sourceTree = BUILT_PRODUCTS_DIR; };
		A00200000000000000000018 /* Debug.xcconfig */ = {isa = PBXFileReference; lastKnownFileType = text.xcconfig; path = Debug.xcconfig; sourceTree = "<group>"; };
		A00200000000000000000019 /* Release.xcconfig */ = {isa = PBXFileReference; lastKnownFileType = text.xcconfig; path = Release.xcconfig; sourceTree = "<group>"; };
		A00200000000000000000020 /* DesignSystem.swift */ = {isa = PBXFileReference; lastKnownFileType = sourcecode.swift; path = DesignSystem.swift; sourceTree = "<group>"; };
		A00200000000000000000021 /* HomeView.swift */ = {isa = PBXFileReference; lastKnownFileType = sourcecode.swift; path = HomeView.swift; sourceTree = "<group>"; };
		A00200000000000000000022 /* OnboardingView.swift */ = {isa = PBXFileReference; lastKnownFileType = sourcecode.swift; path = OnboardingView.swift; sourceTree = "<group>"; };
		B00200000000000000000001 /* logo-header.png */ = {isa = PBXFileReference; lastKnownFileType = image.png; name = "logo-header.png"; path = ../public/logo-header.png; sourceTree = SOURCE_ROOT; };
		B00200000000000000000002 /* hero_background.jpg */ = {isa = PBXFileReference; lastKnownFileType = image.jpeg; name = "hero_background.jpg"; path = ../public/hero_background.jpg; sourceTree = SOURCE_ROOT; };
		B00200000000000000000003 /* hero_car.png */ = {isa = PBXFileReference; lastKnownFileType = image.png; name = "hero_car.png"; path = ../public/hero_car.png; sourceTree = SOURCE_ROOT; };
		B00200000000000000000004 /* card_buying.jpg */ = {isa = PBXFileReference; lastKnownFileType = image.jpeg; name = "card_buying.jpg"; path = ../public/card_buying.jpg; sourceTree = SOURCE_ROOT; };
		B00200000000000000000005 /* card_selling.jpg */ = {isa = PBXFileReference; lastKnownFileType = image.jpeg; name = "card_selling.jpg"; path = ../public/card_selling.jpg; sourceTree = SOURCE_ROOT; };
		B00200000000000000000006 /* autofans-icon-1024.png */ = {isa = PBXFileReference; lastKnownFileType = image.png; name = "autofans-icon-1024.png"; path = ../public/autofans-logo-pack/icons/autofans-icon-1024.png; sourceTree = SOURCE_ROOT; };
		B00200000000000000000007 /* autofans_logo.png */ = {isa = PBXFileReference; lastKnownFileType = image.png; name = "autofans_logo.png"; path = ../android/app/src/main/res/drawable/autofans_logo.png; sourceTree = SOURCE_ROOT; };
		B00200000000000000000008 /* autofans_mark.png */ = {isa = PBXFileReference; lastKnownFileType = image.png; name = "autofans_mark.png"; path = ../android/app/src/main/res/drawable/autofans_mark.png; sourceTree = SOURCE_ROOT; };
		B00200000000000000000009 /* onboarding_buy.png */ = {isa = PBXFileReference; lastKnownFileType = image.png; name = "onboarding_buy.png"; path = ../android/app/src/main/res/drawable/onboarding_buy.png; sourceTree = SOURCE_ROOT; };
		B00200000000000000000010 /* onboarding_compare.png */ = {isa = PBXFileReference; lastKnownFileType = image.png; name = "onboarding_compare.png"; path = ../android/app/src/main/res/drawable/onboarding_compare.png; sourceTree = SOURCE_ROOT; };
		B00200000000000000000011 /* onboarding_sell.png */ = {isa = PBXFileReference; lastKnownFileType = image.png; name = "onboarding_sell.png"; path = ../android/app/src/main/res/drawable/onboarding_sell.png; sourceTree = SOURCE_ROOT; };
/* End PBXFileReference section */

/* Begin PBXFrameworksBuildPhase section */
		A00600000000000000000003 /* Frameworks */ = {
			isa = PBXFrameworksBuildPhase;
			buildActionMask = 2147483647;
			files = (
			);
			runOnlyForDeploymentPostprocessing = 0;
		};
/* End PBXFrameworksBuildPhase section */

/* Begin PBXGroup section */
		A00300000000000000000001 = {
			isa = PBXGroup;
			children = (
				A00300000000000000000002 /* AutoFans */,
				A00300000000000000000006 /* Config */,
				A00300000000000000000007 /* Products */,
				B00300000000000000000001 /* Brand Assets */,
			);
			sourceTree = "<group>";
		};
		A00300000000000000000002 /* AutoFans */ = {
			isa = PBXGroup;
			children = (
				A00300000000000000000003 /* App */,
				A00300000000000000000004 /* Core */,
				A00300000000000000000005 /* Catalog */,
				A00300000000000000000008 /* Features */,
				A00200000000000000000015 /* Info.plist */,
				A00200000000000000000016 /* AutoFans.entitlements */,
			);
			path = AutoFans;
			sourceTree = "<group>";
		};
		A00300000000000000000003 /* App */ = {
			isa = PBXGroup;
			children = (
				A00200000000000000000001 /* AutoFansApp.swift */,
				A00200000000000000000020 /* DesignSystem.swift */,
				A00200000000000000000021 /* HomeView.swift */,
				A00200000000000000000022 /* OnboardingView.swift */,
			);
			path = App;
			sourceTree = "<group>";
		};
		A00300000000000000000004 /* Core */ = {
			isa = PBXGroup;
			children = (
				A00200000000000000000002 /* APIConfiguration.swift */,
				A00200000000000000000003 /* JSONValue.swift */,
				A00200000000000000000004 /* KeychainStore.swift */,
				A00200000000000000000005 /* SupabaseRepository.swift */,
				A00200000000000000000006 /* AuthStore.swift */,
				A00200000000000000000007 /* MobileAPI.swift */,
			);
			path = Core;
			sourceTree = "<group>";
		};
		A00300000000000000000005 /* Catalog */ = {
			isa = PBXGroup;
			children = (
				A00200000000000000000008 /* Listing.swift */,
				A00200000000000000000009 /* CatalogView.swift */,
				A00200000000000000000010 /* ListingDetailView.swift */,
			);
			path = Catalog;
			sourceTree = "<group>";
		};
		A00300000000000000000006 /* Config */ = {
			isa = PBXGroup;
			children = (
				A00200000000000000000018 /* Debug.xcconfig */,
				A00200000000000000000019 /* Release.xcconfig */,
			);
			path = Config;
			sourceTree = "<group>";
		};
		A00300000000000000000007 /* Products */ = {
			isa = PBXGroup;
			children = (
				A00200000000000000000017 /* AutoFans.app */,
			);
			name = Products;
			sourceTree = "<group>";
		};
		A00300000000000000000008 /* Features */ = {
			isa = PBXGroup;
			children = (
				A00200000000000000000011 /* AuthenticationView.swift */,
				A00200000000000000000012 /* AccountViews.swift */,
				A00200000000000000000013 /* SellerViews.swift */,
			);
			path = Features;
			sourceTree = "<group>";
		};
		B00300000000000000000001 /* Brand Assets */ = {
			isa = PBXGroup;
			children = (
				B00200000000000000000001 /* logo-header.png */,
				B00200000000000000000002 /* hero_background.jpg */,
				B00200000000000000000003 /* hero_car.png */,
				B00200000000000000000004 /* card_buying.jpg */,
				B00200000000000000000005 /* card_selling.jpg */,
				B00200000000000000000006 /* autofans-icon-1024.png */,
				B00200000000000000000007 /* autofans_logo.png */,
				B00200000000000000000008 /* autofans_mark.png */,
				B00200000000000000000009 /* onboarding_buy.png */,
				B00200000000000000000010 /* onboarding_compare.png */,
				B00200000000000000000011 /* onboarding_sell.png */,
			);
			name = "Brand Assets";
			sourceTree = "<group>";
		};
/* End PBXGroup section */

/* Begin PBXNativeTarget section */
		A00400000000000000000001 /* AutoFans */ = {
			isa = PBXNativeTarget;
			buildConfigurationList = A00500000000000000000002 /* Build configuration list for PBXNativeTarget "AutoFans" */;
			buildPhases = (
				A00600000000000000000001 /* Sources */,
				A00600000000000000000002 /* Resources */,
				A00600000000000000000003 /* Frameworks */,
			);
			buildRules = (
			);
			dependencies = (
			);
			name = AutoFans;
			productName = AutoFans;
			productReference = A00200000000000000000017 /* AutoFans.app */;
			productType = "com.apple.product-type.application";
		};
/* End PBXNativeTarget section */

/* Begin PBXProject section */
		A00700000000000000000001 /* Project object */ = {
			isa = PBXProject;
			attributes = {
				LastUpgradeCheck = 2610;
				TargetAttributes = {
					A00400000000000000000001 = {
						CreatedOnToolsVersion = 26.1.1;
					};
				};
			};
			buildConfigurationList = A00500000000000000000001 /* Build configuration list for PBXProject "AutoFans" */;
			compatibilityVersion = "Xcode 14.0";
			developmentRegion = en;
			hasScannedForEncodings = 0;
			knownRegions = (
				en,
				Base,
			);
			mainGroup = A00300000000000000000001;
			productRefGroup = A00300000000000000000007 /* Products */;
			projectDirPath = "";
			projectRoot = "";
			targets = (
				A00400000000000000000001 /* AutoFans */,
			);
		};
/* End PBXProject section */

/* Begin PBXResourcesBuildPhase section */
		A00600000000000000000002 /* Resources */ = {
			isa = PBXResourcesBuildPhase;
			buildActionMask = 2147483647;
			files = (
				B00100000000000000000001 /* logo-header.png in Resources */,
				B00100000000000000000002 /* hero_background.jpg in Resources */,
				B00100000000000000000003 /* hero_car.png in Resources */,
				B00100000000000000000004 /* card_buying.jpg in Resources */,
				B00100000000000000000005 /* card_selling.jpg in Resources */,
				B00100000000000000000006 /* autofans-icon-1024.png in Resources */,
				B00100000000000000000007 /* autofans_logo.png in Resources */,
				B00100000000000000000008 /* autofans_mark.png in Resources */,
				B00100000000000000000009 /* onboarding_buy.png in Resources */,
				B00100000000000000000010 /* onboarding_compare.png in Resources */,
				B00100000000000000000011 /* onboarding_sell.png in Resources */,
			);
			runOnlyForDeploymentPostprocessing = 0;
		};
/* End PBXResourcesBuildPhase section */

/* Begin PBXSourcesBuildPhase section */
		A00600000000000000000001 /* Sources */ = {
			isa = PBXSourcesBuildPhase;
			buildActionMask = 2147483647;
			files = (
				A00100000000000000000001 /* AutoFansApp.swift in Sources */,
				A00100000000000000000002 /* APIConfiguration.swift in Sources */,
				A00100000000000000000003 /* JSONValue.swift in Sources */,
				A00100000000000000000004 /* KeychainStore.swift in Sources */,
				A00100000000000000000005 /* SupabaseRepository.swift in Sources */,
				A00100000000000000000006 /* AuthStore.swift in Sources */,
				A00100000000000000000007 /* MobileAPI.swift in Sources */,
				A00100000000000000000008 /* Listing.swift in Sources */,
				A00100000000000000000009 /* CatalogView.swift in Sources */,
				A00100000000000000000010 /* ListingDetailView.swift in Sources */,
				A00100000000000000000011 /* AuthenticationView.swift in Sources */,
				A00100000000000000000012 /* AccountViews.swift in Sources */,
				A00100000000000000000013 /* SellerViews.swift in Sources */,
				A00100000000000000000014 /* DesignSystem.swift in Sources */,
				A00100000000000000000015 /* HomeView.swift in Sources */,
				A00100000000000000000016 /* OnboardingView.swift in Sources */,
			);
			runOnlyForDeploymentPostprocessing = 0;
		};
/* End PBXSourcesBuildPhase section */

/* Begin XCBuildConfiguration section */
		A00800000000000000000001 /* Debug */ = {
			isa = XCBuildConfiguration;
			baseConfigurationReference = A00200000000000000000018 /* Debug.xcconfig */;
			buildSettings = {
				CLANG_ENABLE_MODULES = YES;
				SWIFT_VERSION = 5.0;
			};
			name = Debug;
		};
		A00800000000000000000002 /* Release */ = {
			isa = XCBuildConfiguration;
			baseConfigurationReference = A00200000000000000000019 /* Release.xcconfig */;
			buildSettings = {
				CLANG_ENABLE_MODULES = YES;
				SWIFT_VERSION = 5.0;
			};
			name = Release;
		};
		A00800000000000000000003 /* Debug */ = {
			isa = XCBuildConfiguration;
			baseConfigurationReference = A00200000000000000000018 /* Debug.xcconfig */;
			buildSettings = {
				CODE_SIGN_ENTITLEMENTS = AutoFans/AutoFans.entitlements;
				CODE_SIGN_STYLE = Automatic;
				CURRENT_PROJECT_VERSION = 1;
				DEVELOPMENT_TEAM = Q8D3C5T8DH;
				GENERATE_INFOPLIST_FILE = NO;
				INFOPLIST_FILE = AutoFans/Info.plist;
				INFOPLIST_KEY_CFBundleDisplayName = "Auto Fans";
				INFOPLIST_KEY_LSApplicationCategoryType = "public.app-category.business";
				IPHONEOS_DEPLOYMENT_TARGET = 17.0;
				MARKETING_VERSION = 1.0.0;
				PRODUCT_BUNDLE_IDENTIFIER = ro.autofans.app;
				PRODUCT_NAME = "$(TARGET_NAME)";
				SDKROOT = iphoneos;
				SUPPORTED_PLATFORMS = "iphoneos iphonesimulator";
				SUPPORTS_MACCATALYST = NO;
				TARGETED_DEVICE_FAMILY = "1,2";
			};
			name = Debug;
		};
		A00800000000000000000004 /* Release */ = {
			isa = XCBuildConfiguration;
			baseConfigurationReference = A00200000000000000000019 /* Release.xcconfig */;
			buildSettings = {
				CODE_SIGN_ENTITLEMENTS = AutoFans/AutoFans.entitlements;
				CODE_SIGN_STYLE = Automatic;
				CURRENT_PROJECT_VERSION = 1;
				DEVELOPMENT_TEAM = Q8D3C5T8DH;
				GENERATE_INFOPLIST_FILE = NO;
				INFOPLIST_FILE = AutoFans/Info.plist;
				INFOPLIST_KEY_CFBundleDisplayName = "Auto Fans";
				INFOPLIST_KEY_LSApplicationCategoryType = "public.app-category.business";
				IPHONEOS_DEPLOYMENT_TARGET = 17.0;
				MARKETING_VERSION = 1.0.0;
				PRODUCT_BUNDLE_IDENTIFIER = ro.autofans.app;
				PRODUCT_NAME = "$(TARGET_NAME)";
				SDKROOT = iphoneos;
				SUPPORTED_PLATFORMS = "iphoneos iphonesimulator";
				SUPPORTS_MACCATALYST = NO;
				TARGETED_DEVICE_FAMILY = "1,2";
			};
			name = Release;
		};
/* End XCBuildConfiguration section */

/* Begin XCConfigurationList section */
		A00500000000000000000001 /* Build configuration list for PBXProject "AutoFans" */ = {
			isa = XCConfigurationList;
			buildConfigurations = (
				A00800000000000000000001 /* Debug */,
				A00800000000000000000002 /* Release */,
			);
			defaultConfigurationIsVisible = 0;
			defaultConfigurationName = Release;
		};
		A00500000000000000000002 /* Build configuration list for PBXNativeTarget "AutoFans" */ = {
			isa = XCConfigurationList;
			buildConfigurations = (
				A00800000000000000000003 /* Debug */,
				A00800000000000000000004 /* Release */,
			);
			defaultConfigurationIsVisible = 0;
			defaultConfigurationName = Release;
		};
/* End XCConfigurationList section */
	};
	rootObject = A00700000000000000000001 /* Project object */;
}
